
Microsoft Visual Studio Solution File, Format Version 12.00
# Visual Studio Version 17
VisualStudioVersion = 17.8.34511.84
MinimumVisualStudioVersion = 10.0.40219.1
Project("{FAE04EC0-301F-11D3-BF4B-00C04F79EFBC}") = "WebUni_Management", "WebUni_Management\WebUni_Management.csproj", "{4BD9DD55-8C04-4E4B-B1E5-2CD78FF2B8DA}"
EndProject
Global
	GlobalSection(SolutionConfigurationPlatforms) = preSolution
		Debug|Any CPU = Debug|Any CPU
		Release|Any CPU = Release|Any CPU
	EndGlobalSection
	GlobalSection(ProjectConfigurationPlatforms) = postSolution
		{4BD9DD55-8C04-4E4B-B1E5-2CD78FF2B8DA}.Debug|Any CPU.ActiveCfg = Debug|Any CPU
		{4BD9DD55-8C04-4E4B-B1E5-2CD78FF2B8DA}.Debug|Any CPU.Build.0 = Debug|Any CPU
		{4BD9DD55-8C04-4E4B-B1E5-2CD78FF2B8DA}.Release|Any CPU.ActiveCfg = Release|Any CPU
		{4BD9DD55-8C04-4E4B-B1E5-2CD78FF2B8DA}.Release|Any CPU.Build.0 = Release|Any CPU
	EndGlobalSection
	GlobalSection(SolutionProperties) = preSolution
		HideSolutionNode = FALSE
	EndGlobalSection
	GlobalSection(ExtensibilityGlobals) = postSolution
		SolutionGuid = {4C4D8744-13F9-48F5-8B80-F2B60B04A90F}
	EndGlobalSection
EndGlobal
